
Microsoft Visual Studio Solution File, Format Version 12.00
# Visual Studio Version 17
VisualStudioVersion = 17.0.32126.317
MinimumVisualStudioVersion = 10.0.40219.1
Project("{9A19103F-16F7-4668-BE54-9A1E7A4F7556}") = "Diplom.Server", "Diplom\Server\Diplom.Server.csproj", "{3D8B9122-531B-436E-8162-8464350D8AD4}"
EndProject
Project("{9A19103F-16F7-4668-BE54-9A1E7A4F7556}") = "Diplom.Client", "Diplom\Client\Diplom.Client.csproj", "{7D1874FE-4C89-44D8-BCAE-326D23EDAFEB}"
EndProject
Project("{9A19103F-16F7-4668-BE54-9A1E7A4F7556}") = "Diplom.Domain", "Diplom.Domain\Diplom.Domain.csproj", "{CBF85E22-0603-45D1-90BF-ACF65C86172A}"
EndProject
Project("{9A19103F-16F7-4668-BE54-9A1E7A4F7556}") = "Diplom.Application", "Diplom.Application\Diplom.Application.csproj", "{C052CC1E-5DD9-4D64-9D5B-39D65771F8EA}"
EndProject
Project("{2150E333-8FDC-42A3-9474-1A3956D46DE8}") = "Core", "Core", "{DB30A373-3F3E-4B67-BD0D-1789374074F7}"
EndProject
Project("{2150E333-8FDC-42A3-9474-1A3956D46DE8}") = "Infrastructure", "Infrastructure", "{73EBC1AF-69E2-465B-957C-571F30A94987}"
EndProject
Project("{9A19103F-16F7-4668-BE54-9A1E7A4F7556}") = "Diplom.Persistence", "Diplom.Persistence\Diplom.Persistence.csproj", "{C8089501-598E-4C9B-8C6E-5D16C5501B85}"
EndProject
Project("{2150E333-8FDC-42A3-9474-1A3956D46DE8}") = "Presentation", "Presentation", "{8F64BBB6-49FB-4568-A90D-20CA38897719}"
EndProject
Project("{9A19103F-16F7-4668-BE54-9A1E7A4F7556}") = "Diplom.Client.Infrastructure", "Diplom.Client.Infrastructure\Diplom.Client.Infrastructure.csproj", "{18C3C558-0892-4062-AD80-54736B5A9D0D}"
EndProject
Project("{9A19103F-16F7-4668-BE54-9A1E7A4F7556}") = "Diplom.API.Dto", "Diplom.API.Dto\Diplom.API.Dto.csproj", "{CF4DAEAC-1BC6-4966-AE92-75F1AD7BD115}"
EndProject
Project("{9A19103F-16F7-4668-BE54-9A1E7A4F7556}") = "Diplom.Application.Abstracts", "Diplom.Application.Abstracts\Diplom.Application.Abstracts.csproj", "{84DD10A2-4ABA-48DD-9D08-114A763BCDC7}"
EndProject
Project("{9A19103F-16F7-4668-BE54-9A1E7A4F7556}") = "Diplom.Mapping", "Diplom.Mapping\Diplom.Mapping.csproj", "{594D50E7-9C18-4912-807B-1A0F7AF6748D}"
EndProject
Project("{2150E333-8FDC-42A3-9474-1A3956D46DE8}") = "Repositories", "Repositories", "{0BDBC2EB-D73A-4589-B0B2-B1780CD8B83F}"
EndProject
Project("{9A19103F-16F7-4668-BE54-9A1E7A4F7556}") = "Diplom.Infrastructure.Repositories", "Domain.Infrastructure.Repositories\Diplom.Infrastructure.Repositories.csproj", "{2C6A34A5-D90E-462F-BB73-835638A83647}"
EndProject
Project("{2150E333-8FDC-42A3-9474-1A3956D46DE8}") = "Domain", "Domain", "{DEB26E27-DDCC-4D80-A80E-3455202B0CD1}"
EndProject
Project("{9A19103F-16F7-4668-BE54-9A1E7A4F7556}") = "Diplom.Domain.Repositories.Abstracts", "Diplom.Domain.Repositories.Abstracts\Diplom.Domain.Repositories.Abstracts.csproj", "{92AEF4CF-7740-461F-AB05-AF00C08E3220}"
EndProject
Project("{9A19103F-16F7-4668-BE54-9A1E7A4F7556}") = "Diplom.Domain.Specifications", "Diplom.Infrastructure.Specifications\Diplom.Domain.Specifications.csproj", "{0924FF46-A116-4EC6-88B3-C12FBFF26F72}"
EndProject
Project("{2150E333-8FDC-42A3-9474-1A3956D46DE8}") = "Mapping", "Mapping", "{FB34C704-760E-4AB4-B21D-BE7AF1771195}"
EndProject
Project("{9A19103F-16F7-4668-BE54-9A1E7A4F7556}") = "Diplom.AutoMapper", "Diplom.AutoMapper\Diplom.AutoMapper.csproj", "{08231654-D17C-4328-BB32-E1676D805902}"
EndProject
Global
	GlobalSection(SolutionConfigurationPlatforms) = preSolution
		Debug|Any CPU = Debug|Any CPU
		Release|Any CPU = Release|Any CPU
	EndGlobalSection
	GlobalSection(ProjectConfigurationPlatforms) = postSolution
		{3D8B9122-531B-436E-8162-8464350D8AD4}.Debug|Any CPU.ActiveCfg = Debug|Any CPU
		{3D8B9122-531B-436E-8162-8464350D8AD4}.Debug|Any CPU.Build.0 = Debug|Any CPU
		{3D8B9122-531B-436E-8162-8464350D8AD4}.Release|Any CPU.ActiveCfg = Release|Any CPU
		{3D8B9122-531B-436E-8162-8464350D8AD4}.Release|Any CPU.Build.0 = Release|Any CPU
		{7D1874FE-4C89-44D8-BCAE-326D23EDAFEB}.Debug|Any CPU.ActiveCfg = Debug|Any CPU
		{7D1874FE-4C89-44D8-BCAE-326D23EDAFEB}.Debug|Any CPU.Build.0 = Debug|Any CPU
		{7D1874FE-4C89-44D8-BCAE-326D23EDAFEB}.Release|Any CPU.ActiveCfg = Release|Any CPU
		{7D1874FE-4C89-44D8-BCAE-326D23EDAFEB}.Release|Any CPU.Build.0 = Release|Any CPU
		{CBF85E22-0603-45D1-90BF-ACF65C86172A}.Debug|Any CPU.ActiveCfg = Debug|Any CPU
		{CBF85E22-0603-45D1-90BF-ACF65C86172A}.Debug|Any CPU.Build.0 = Debug|Any CPU
		{CBF85E22-0603-45D1-90BF-ACF65C86172A}.Release|Any CPU.ActiveCfg = Release|Any CPU
		{CBF85E22-0603-45D1-90BF-ACF65C86172A}.Release|Any CPU.Build.0 = Release|Any CPU
		{C052CC1E-5DD9-4D64-9D5B-39D65771F8EA}.Debug|Any CPU.ActiveCfg = Debug|Any CPU
		{C052CC1E-5DD9-4D64-9D5B-39D65771F8EA}.Debug|Any CPU.Build.0 = Debug|Any CPU
		{C052CC1E-5DD9-4D64-9D5B-39D65771F8EA}.Release|Any CPU.ActiveCfg = Release|Any CPU
		{C052CC1E-5DD9-4D64-9D5B-39D65771F8EA}.Release|Any CPU.Build.0 = Release|Any CPU
		{C8089501-598E-4C9B-8C6E-5D16C5501B85}.Debug|Any CPU.ActiveCfg = Debug|Any CPU
		{C8089501-598E-4C9B-8C6E-5D16C5501B85}.Debug|Any CPU.Build.0 = Debug|Any CPU
		{C8089501-598E-4C9B-8C6E-5D16C5501B85}.Release|Any CPU.ActiveCfg = Release|Any CPU
		{C8089501-598E-4C9B-8C6E-5D16C5501B85}.Release|Any CPU.Build.0 = Release|Any CPU
		{18C3C558-0892-4062-AD80-54736B5A9D0D}.Debug|Any CPU.ActiveCfg = Debug|Any CPU
		{18C3C558-0892-4062-AD80-54736B5A9D0D}.Debug|Any CPU.Build.0 = Debug|Any CPU
		{18C3C558-0892-4062-AD80-54736B5A9D0D}.Release|Any CPU.ActiveCfg = Release|Any CPU
		{18C3C558-0892-4062-AD80-54736B5A9D0D}.Release|Any CPU.Build.0 = Release|Any CPU
		{CF4DAEAC-1BC6-4966-AE92-75F1AD7BD115}.Debug|Any CPU.ActiveCfg = Debug|Any CPU
		{CF4DAEAC-1BC6-4966-AE92-75F1AD7BD115}.Debug|Any CPU.Build.0 = Debug|Any CPU
		{CF4DAEAC-1BC6-4966-AE92-75F1AD7BD115}.Release|Any CPU.ActiveCfg = Release|Any CPU
		{CF4DAEAC-1BC6-4966-AE92-75F1AD7BD115}.Release|Any CPU.Build.0 = Release|Any CPU
		{84DD10A2-4ABA-48DD-9D08-114A763BCDC7}.Debug|Any CPU.ActiveCfg = Debug|Any CPU
		{84DD10A2-4ABA-48DD-9D08-114A763BCDC7}.Debug|Any CPU.Build.0 = Debug|Any CPU
		{84DD10A2-4ABA-48DD-9D08-114A763BCDC7}.Release|Any CPU.ActiveCfg = Release|Any CPU
		{84DD10A2-4ABA-48DD-9D08-114A763BCDC7}.Release|Any CPU.Build.0 = Release|Any CPU
		{594D50E7-9C18-4912-807B-1A0F7AF6748D}.Debug|Any CPU.ActiveCfg = Debug|Any CPU
		{594D50E7-9C18-4912-807B-1A0F7AF6748D}.Debug|Any CPU.Build.0 = Debug|Any CPU
		{594D50E7-9C18-4912-807B-1A0F7AF6748D}.Release|Any CPU.ActiveCfg = Release|Any CPU
		{594D50E7-9C18-4912-807B-1A0F7AF6748D}.Release|Any CPU.Build.0 = Release|Any CPU
		{2C6A34A5-D90E-462F-BB73-835638A83647}.Debug|Any CPU.ActiveCfg = Debug|Any CPU
		{2C6A34A5-D90E-462F-BB73-835638A83647}.Debug|Any CPU.Build.0 = Debug|Any CPU
		{2C6A34A5-D90E-462F-BB73-835638A83647}.Release|Any CPU.ActiveCfg = Release|Any CPU
		{2C6A34A5-D90E-462F-BB73-835638A83647}.Release|Any CPU.Build.0 = Release|Any CPU
		{92AEF4CF-7740-461F-AB05-AF00C08E3220}.Debug|Any CPU.ActiveCfg = Debug|Any CPU
		{92AEF4CF-7740-461F-AB05-AF00C08E3220}.Debug|Any CPU.Build.0 = Debug|Any CPU
		{92AEF4CF-7740-461F-AB05-AF00C08E3220}.Release|Any CPU.ActiveCfg = Release|Any CPU
		{92AEF4CF-7740-461F-AB05-AF00C08E3220}.Release|Any CPU.Build.0 = Release|Any CPU
		{0924FF46-A116-4EC6-88B3-C12FBFF26F72}.Debug|Any CPU.ActiveCfg = Debug|Any CPU
		{0924FF46-A116-4EC6-88B3-C12FBFF26F72}.Debug|Any CPU.Build.0 = Debug|Any CPU
		{0924FF46-A116-4EC6-88B3-C12FBFF26F72}.Release|Any CPU.ActiveCfg = Release|Any CPU
		{0924FF46-A116-4EC6-88B3-C12FBFF26F72}.Release|Any CPU.Build.0 = Release|Any CPU
		{08231654-D17C-4328-BB32-E1676D805902}.Debug|Any CPU.ActiveCfg = Debug|Any CPU
		{08231654-D17C-4328-BB32-E1676D805902}.Debug|Any CPU.Build.0 = Debug|Any CPU
		{08231654-D17C-4328-BB32-E1676D805902}.Release|Any CPU.ActiveCfg = Release|Any CPU
		{08231654-D17C-4328-BB32-E1676D805902}.Release|Any CPU.Build.0 = Release|Any CPU
	EndGlobalSection
	GlobalSection(SolutionProperties) = preSolution
		HideSolutionNode = FALSE
	EndGlobalSection
	GlobalSection(NestedProjects) = preSolution
		{3D8B9122-531B-436E-8162-8464350D8AD4} = {8F64BBB6-49FB-4568-A90D-20CA38897719}
		{7D1874FE-4C89-44D8-BCAE-326D23EDAFEB} = {8F64BBB6-49FB-4568-A90D-20CA38897719}
		{CBF85E22-0603-45D1-90BF-ACF65C86172A} = {DEB26E27-DDCC-4D80-A80E-3455202B0CD1}
		{C052CC1E-5DD9-4D64-9D5B-39D65771F8EA} = {DB30A373-3F3E-4B67-BD0D-1789374074F7}
		{C8089501-598E-4C9B-8C6E-5D16C5501B85} = {73EBC1AF-69E2-465B-957C-571F30A94987}
		{18C3C558-0892-4062-AD80-54736B5A9D0D} = {73EBC1AF-69E2-465B-957C-571F30A94987}
		{CF4DAEAC-1BC6-4966-AE92-75F1AD7BD115} = {FB34C704-760E-4AB4-B21D-BE7AF1771195}
		{84DD10A2-4ABA-48DD-9D08-114A763BCDC7} = {DB30A373-3F3E-4B67-BD0D-1789374074F7}
		{594D50E7-9C18-4912-807B-1A0F7AF6748D} = {FB34C704-760E-4AB4-B21D-BE7AF1771195}
		{0BDBC2EB-D73A-4589-B0B2-B1780CD8B83F} = {73EBC1AF-69E2-465B-957C-571F30A94987}
		{2C6A34A5-D90E-462F-BB73-835638A83647} = {0BDBC2EB-D73A-4589-B0B2-B1780CD8B83F}
		{DEB26E27-DDCC-4D80-A80E-3455202B0CD1} = {DB30A373-3F3E-4B67-BD0D-1789374074F7}
		{92AEF4CF-7740-461F-AB05-AF00C08E3220} = {DEB26E27-DDCC-4D80-A80E-3455202B0CD1}
		{0924FF46-A116-4EC6-88B3-C12FBFF26F72} = {DEB26E27-DDCC-4D80-A80E-3455202B0CD1}
		{FB34C704-760E-4AB4-B21D-BE7AF1771195} = {DB30A373-3F3E-4B67-BD0D-1789374074F7}
		{08231654-D17C-4328-BB32-E1676D805902} = {73EBC1AF-69E2-465B-957C-571F30A94987}
	EndGlobalSection
	GlobalSection(ExtensibilityGlobals) = postSolution
		SolutionGuid = {38BDBBB3-EF84-47F2-BE95-CAEEA9B11D7A}
	EndGlobalSection
EndGlobal
